
Microsoft Visual Studio Solution File, Format Version 12.00
# Visual Studio Version 17
VisualStudioVersion = 17.7.34031.279
MinimumVisualStudioVersion = 10.0.40219.1
Project("{FAE04EC0-301F-11D3-BF4B-00C04F79EFBC}") = "ejercicio7Array", "ejercicio7Array.csproj", "{47B001CD-F81C-4624-AAA2-CF6E65CBDF2E}"
EndProject
Global
	GlobalSection(SolutionConfigurationPlatforms) = preSolution
		Debug|Any CPU = Debug|Any CPU
		Release|Any CPU = Release|Any CPU
	EndGlobalSection
	GlobalSection(ProjectConfigurationPlatforms) = postSolution
		{47B001CD-F81C-4624-AAA2-CF6E65CBDF2E}.Debug|Any CPU.ActiveCfg = Debug|Any CPU
		{47B001CD-F81C-4624-AAA2-CF6E65CBDF2E}.Debug|Any CPU.Build.0 = Debug|Any CPU
		{47B001CD-F81C-4624-AAA2-CF6E65CBDF2E}.Release|Any CPU.ActiveCfg = Release|Any CPU
		{47B001CD-F81C-4624-AAA2-CF6E65CBDF2E}.Release|Any CPU.Build.0 = Release|Any CPU
	EndGlobalSection
	GlobalSection(SolutionProperties) = preSolution
		HideSolutionNode = FALSE
	EndGlobalSection
	GlobalSection(ExtensibilityGlobals) = postSolution
		SolutionGuid = {EEB486B3-2AA4-497C-91E5-3E52DBF61C94}
	EndGlobalSection
EndGlobal
